// !$*UTF8*$!
{
	archiveVersion = 1;
	classes = {
	};
	objectVersion = 52;
	objects = {

/* Begin PBXBuildFile section */
		610B92B4270A67CC00358DBD /* Constraints.h in Headers */ = {isa = PBXBuildFile; fileRef = 610B92B2270A67CC00358DBD /* Constraints.h */; };
		610B92B5270A67CC00358DBD /* Constraints.c in Sources */ = {isa = PBXBuildFile; fileRef = 610B92B3270A67CC00358DBD /* Constraints.c */; };
		610B92B9270A6E9000358DBD /* Views.h in Headers */ = {isa = PBXBuildFile; fileRef = 610B92B7270A6E9000358DBD /* Views.h */; };
		610B92BA270A6E9000358DBD /* Views.c in Sources */ = {isa = PBXBuildFile; fileRef = 610B92B8270A6E9000358DBD /* Views.c */; };
		610B92CB270A7F4900358DBD /* ContainerView.h in Headers */ = {isa = PBXBuildFile; fileRef = 610B92C9270A7F4900358DBD /* ContainerView.h */; };
		610B92CC270A7F4900358DBD /* ContainerView.c in Sources */ = {isa = PBXBuildFile; fileRef = 610B92CA270A7F4900358DBD /* ContainerView.c */; };
		611B591326C5F6830082F6CA /* alg_helper.h in Headers */ = {isa = PBXBuildFile; fileRef = 611B590E26C5F6830082F6CA /* alg_helper.h */; };
		611B591426C5F6830082F6CA /* unordered_set.h in Headers */ = {isa = PBXBuildFile; fileRef = 611B590F26C5F6830082F6CA /* unordered_set.h */; };
		611B591526C5F6830082F6CA /* ds.h in Headers */ = {isa = PBXBuildFile; fileRef = 611B591026C5F6830082F6CA /* ds.h */; };
		611B591626C5F6830082F6CA /* array.h in Headers */ = {isa = PBXBuildFile; fileRef = 611B591126C5F6830082F6CA /* array.h */; };
		611B591726C5F6830082F6CA /* hash_table.h in Headers */ = {isa = PBXBuildFile; fileRef = 611B591226C5F6830082F6CA /* hash_table.h */; };
		611EDDA32741F8750064B254 /* StatusView.h in Headers */ = {isa = PBXBuildFile; fileRef = 611EDDA12741F8750064B254 /* StatusView.h */; };
		611EDDA42741F8750064B254 /* StatusView.c in Sources */ = {isa = PBXBuildFile; fileRef = 611EDDA22741F8750064B254 /* StatusView.c */; };
		611EDDA9274355F10064B254 /* HomeVC.h in Headers */ = {isa = PBXBuildFile; fileRef = 611EDDA7274355F10064B254 /* HomeVC.h */; };
		611EDDAA274355F10064B254 /* HomeVC.c in Sources */ = {isa = PBXBuildFile; fileRef = 611EDDA8274355F10064B254 /* HomeVC.c */; };
		611EDDB32743660C0064B254 /* InputVC.h in Headers */ = {isa = PBXBuildFile; fileRef = 611EDDB12743660C0064B254 /* InputVC.h */; };
		611EDDB42743660C0064B254 /* InputVC.c in Sources */ = {isa = PBXBuildFile; fileRef = 611EDDB22743660C0064B254 /* InputVC.c */; };
		611EDDBA274487010064B254 /* SettingsVC.h in Headers */ = {isa = PBXBuildFile; fileRef = 611EDDB8274487010064B254 /* SettingsVC.h */; };
		611EDDBB274487010064B254 /* SettingsVC.c in Sources */ = {isa = PBXBuildFile; fileRef = 611EDDB9274487010064B254 /* SettingsVC.c */; };
		611EDDBF2744A9F70064B254 /* SetupWorkoutVC.h in Headers */ = {isa = PBXBuildFile; fileRef = 611EDDBD2744A9F70064B254 /* SetupWorkoutVC.h */; };
		611EDDC02744A9F70064B254 /* SetupWorkoutVC.c in Sources */ = {isa = PBXBuildFile; fileRef = 611EDDBE2744A9F70064B254 /* SetupWorkoutVC.c */; };
		611EDDC62744CB2D0064B254 /* UpdateMaxesVC.h in Headers */ = {isa = PBXBuildFile; fileRef = 611EDDC42744CB2D0064B254 /* UpdateMaxesVC.h */; };
		611EDDC72744CB2D0064B254 /* UpdateMaxesVC.c in Sources */ = {isa = PBXBuildFile; fileRef = 611EDDC52744CB2D0064B254 /* UpdateMaxesVC.c */; };
		611EDDD02745FEA70064B254 /* WorkoutVC.h in Headers */ = {isa = PBXBuildFile; fileRef = 611EDDCE2745FEA70064B254 /* WorkoutVC.h */; };
		611EDDD12745FEA70064B254 /* WorkoutVC.c in Sources */ = {isa = PBXBuildFile; fileRef = 611EDDCF2745FEA70064B254 /* WorkoutVC.c */; };
		611EDDE827476ED50064B254 /* HistoryVC.h in Headers */ = {isa = PBXBuildFile; fileRef = 611EDDE627476ED50064B254 /* HistoryVC.h */; };
		611EDDE927476ED50064B254 /* HistoryVC.c in Sources */ = {isa = PBXBuildFile; fileRef = 611EDDE727476ED50064B254 /* HistoryVC.c */; };
		612FD048266DAF25002C9993 /* WorkoutData.plist in Resources */ = {isa = PBXBuildFile; fileRef = 612FD047266DAF25002C9993 /* WorkoutData.plist */; };
		6147E5612754465200893B82 /* Charts.xcframework in Frameworks */ = {isa = PBXBuildFile; fileRef = 6147E55E2754464A00893B82 /* Charts.xcframework */; };
		6147E5622754465200893B82 /* Charts.xcframework in Embed Frameworks */ = {isa = PBXBuildFile; fileRef = 6147E55E2754464A00893B82 /* Charts.xcframework */; settings = {ATTRIBUTES = (CodeSignOnCopy, RemoveHeadersOnCopy, ); }; };
		614DA69A270A8D1F00EC90C4 /* ExerciseManager.h in Headers */ = {isa = PBXBuildFile; fileRef = 614DA698270A8D1F00EC90C4 /* ExerciseManager.h */; };
		614DA69B270A8D1F00EC90C4 /* ExerciseManager.c in Sources */ = {isa = PBXBuildFile; fileRef = 614DA699270A8D1F00EC90C4 /* ExerciseManager.c */; };
		614DC13026082BBE00B9588E /* ViewControllerHelpers.c in Sources */ = {isa = PBXBuildFile; fileRef = 614DC12F26082BBE00B9588E /* ViewControllerHelpers.c */; };
		615086ED26D3222500521269 /* SwiftBridging.m in Sources */ = {isa = PBXBuildFile; fileRef = 615086EC26D3222500521269 /* SwiftBridging.m */; settings = {COMPILER_FLAGS = "-fno-objc-arc"; }; };
		6151C91126C4B23200C95A93 /* hash.h in Headers */ = {isa = PBXBuildFile; fileRef = 6151C90226C4B23100C95A93 /* hash.h */; };
		6151C92226C4B24200C95A93 /* hash.c in Sources */ = {isa = PBXBuildFile; fileRef = 6151C92026C4B24200C95A93 /* hash.c */; };
		61592A84274861B600789264 /* TotalWorkoutsView.h in Headers */ = {isa = PBXBuildFile; fileRef = 61592A82274861B600789264 /* TotalWorkoutsView.h */; };
		61592A85274861B600789264 /* TotalWorkoutsView.c in Sources */ = {isa = PBXBuildFile; fileRef = 61592A83274861B600789264 /* TotalWorkoutsView.c */; };
		61592A892748651500789264 /* WorkoutTypeView.h in Headers */ = {isa = PBXBuildFile; fileRef = 61592A872748651500789264 /* WorkoutTypeView.h */; };
		61592A8A2748651500789264 /* WorkoutTypeView.c in Sources */ = {isa = PBXBuildFile; fileRef = 61592A882748651500789264 /* WorkoutTypeView.c */; };
		61592AB027488DD000789264 /* LiftingView.h in Headers */ = {isa = PBXBuildFile; fileRef = 61592AAE27488DD000789264 /* LiftingView.h */; };
		61592AB127488DD000789264 /* LiftingView.c in Sources */ = {isa = PBXBuildFile; fileRef = 61592AAF27488DD000789264 /* LiftingView.c */; };
		61594D0C26068105000D01A1 /* AppDelegate.c in Sources */ = {isa = PBXBuildFile; fileRef = 61594D0B26068105000D01A1 /* AppDelegate.c */; };
		61594D1826068105000D01A1 /* HealthApp.xcdatamodeld in Sources */ = {isa = PBXBuildFile; fileRef = 61594D1626068105000D01A1 /* HealthApp.xcdatamodeld */; };
		61594D1A26068106000D01A1 /* Assets.xcassets in Resources */ = {isa = PBXBuildFile; fileRef = 61594D1926068106000D01A1 /* Assets.xcassets */; };
		61594D1D26068106000D01A1 /* LaunchScreen.storyboard in Resources */ = {isa = PBXBuildFile; fileRef = 61594D1B26068106000D01A1 /* LaunchScreen.storyboard */; };
		61594D2026068106000D01A1 /* main.c in Sources */ = {isa = PBXBuildFile; fileRef = 61594D1F26068106000D01A1 /* main.c */; };
		61594D2A26068106000D01A1 /* HealthAppTests.m in Sources */ = {isa = PBXBuildFile; fileRef = 61594D2926068106000D01A1 /* HealthAppTests.m */; };
		61594D5726068C41000D01A1 /* AppCoordinator.c in Sources */ = {isa = PBXBuildFile; fileRef = 61594D5626068C41000D01A1 /* AppCoordinator.c */; };
		61594D652606C7C6000D01A1 /* AppUserData.c in Sources */ = {isa = PBXBuildFile; fileRef = 61594D642606C7C6000D01A1 /* AppUserData.c */; };
		615A1C4C2608406100858C32 /* PersistenceService.c in Sources */ = {isa = PBXBuildFile; fileRef = 615A1C4B2608406100858C32 /* PersistenceService.c */; };
		6161838226AC80A0001587B2 /* CocoaHelpers.c in Sources */ = {isa = PBXBuildFile; fileRef = 6161838126AC80A0001587B2 /* CocoaHelpers.c */; };
		61BC6F56266EA9A80022D6F7 /* WeeklyData+CoreDataClass.m in Sources */ = {isa = PBXBuildFile; fileRef = 61BC6F52266EA9A80022D6F7 /* WeeklyData+CoreDataClass.m */; settings = {COMPILER_FLAGS = "-fno-objc-arc"; }; };
		61C7793626102C19001326A1 /* HistoryTabCoordinator.c in Sources */ = {isa = PBXBuildFile; fileRef = 61C7793526102C19001326A1 /* HistoryTabCoordinator.c */; };
		61C7797826102D45001326A1 /* HomeViewModel.c in Sources */ = {isa = PBXBuildFile; fileRef = 61C7797726102D45001326A1 /* HomeViewModel.c */; };
		61C7797C26102D5F001326A1 /* HomeTabCoordinator.c in Sources */ = {isa = PBXBuildFile; fileRef = 61C7797B26102D5F001326A1 /* HomeTabCoordinator.c */; };
		61C779A426102E20001326A1 /* AddWorkoutCoordinator.c in Sources */ = {isa = PBXBuildFile; fileRef = 61C779A326102E20001326A1 /* AddWorkoutCoordinator.c */; };
		61E8ED6726FD60B400942368 /* Localizable.strings in Resources */ = {isa = PBXBuildFile; fileRef = 61E8ED6926FD60B400942368 /* Localizable.strings */; };
		61E8ED6C26FD87AB00942368 /* WorkoutData_d.plist in Resources */ = {isa = PBXBuildFile; fileRef = 61E8ED6B26FD87AB00942368 /* WorkoutData_d.plist */; };
		61FFEEA2272CCCB5002BFFA6 /* AppDelegate.h in Headers */ = {isa = PBXBuildFile; fileRef = 61FFEEA1272CCCAE002BFFA6 /* AppDelegate.h */; };
/* End PBXBuildFile section */

/* Begin PBXContainerItemProxy section */
		61594D2626068106000D01A1 /* PBXContainerItemProxy */ = {
			isa = PBXContainerItemProxy;
			containerPortal = 61594CFF26068105000D01A1 /* Project object */;
			proxyType = 1;
			remoteGlobalIDString = 61594D0626068105000D01A1;
			remoteInfo = HealthApp;
		};
/* End PBXContainerItemProxy section */

/* Begin PBXCopyFilesBuildPhase section */
		61D5651426DC74B8009CF765 /* Embed Frameworks */ = {
			isa = PBXCopyFilesBuildPhase;
			buildActionMask = 2147483647;
			dstPath = "";
			dstSubfolderSpec = 10;
			files = (
				6147E5622754465200893B82 /* Charts.xcframework in Embed Frameworks */,
			);
			name = "Embed Frameworks";
			runOnlyForDeploymentPostprocessing = 0;
		};
/* End PBXCopyFilesBuildPhase section */

/* Begin PBXFileReference section */
		610B92B2270A67CC00358DBD /* Constraints.h */ = {isa = PBXFileReference; lastKnownFileType = sourcecode.c.h; path = Constraints.h; sourceTree = "<group>"; };
		610B92B3270A67CC00358DBD /* Constraints.c */ = {isa = PBXFileReference; lastKnownFileType = sourcecode.c.c; path = Constraints.c; sourceTree = "<group>"; };
		610B92B7270A6E9000358DBD /* Views.h */ = {isa = PBXFileReference; lastKnownFileType = sourcecode.c.h; path = Views.h; sourceTree = "<group>"; };
		610B92B8270A6E9000358DBD /* Views.c */ = {isa = PBXFileReference; lastKnownFileType = sourcecode.c.c; path = Views.c; sourceTree = "<group>"; };
		610B92C9270A7F4900358DBD /* ContainerView.h */ = {isa = PBXFileReference; lastKnownFileType = sourcecode.c.h; path = ContainerView.h; sourceTree = "<group>"; };
		610B92CA270A7F4900358DBD /* ContainerView.c */ = {isa = PBXFileReference; lastKnownFileType = sourcecode.c.c; path = ContainerView.c; sourceTree = "<group>"; };
		611B590E26C5F6830082F6CA /* alg_helper.h */ = {isa = PBXFileReference; fileEncoding = 4; lastKnownFileType = sourcecode.c.h; path = alg_helper.h; sourceTree = "<group>"; };
		611B590F26C5F6830082F6CA /* unordered_set.h */ = {isa = PBXFileReference; fileEncoding = 4; lastKnownFileType = sourcecode.c.h; path = unordered_set.h; sourceTree = "<group>"; };
		611B591026C5F6830082F6CA /* ds.h */ = {isa = PBXFileReference; fileEncoding = 4; lastKnownFileType = sourcecode.c.h; path = ds.h; sourceTree = "<group>"; };
		611B591126C5F6830082F6CA /* array.h */ = {isa = PBXFileReference; fileEncoding = 4; lastKnownFileType = sourcecode.c.h; path = array.h; sourceTree = "<group>"; };
		611B591226C5F6830082F6CA /* hash_table.h */ = {isa = PBXFileReference; fileEncoding = 4; lastKnownFileType = sourcecode.c.h; path = hash_table.h; sourceTree = "<group>"; };
		611EDDA12741F8750064B254 /* StatusView.h */ = {isa = PBXFileReference; lastKnownFileType = sourcecode.c.h; path = StatusView.h; sourceTree = "<group>"; };
		611EDDA22741F8750064B254 /* StatusView.c */ = {isa = PBXFileReference; lastKnownFileType = sourcecode.c.c; path = StatusView.c; sourceTree = "<group>"; };
		611EDDA7274355F10064B254 /* HomeVC.h */ = {isa = PBXFileReference; lastKnownFileType = sourcecode.c.h; path = HomeVC.h; sourceTree = "<group>"; };
		611EDDA8274355F10064B254 /* HomeVC.c */ = {isa = PBXFileReference; lastKnownFileType = sourcecode.c.c; path = HomeVC.c; sourceTree = "<group>"; };
		611EDDB12743660C0064B254 /* InputVC.h */ = {isa = PBXFileReference; lastKnownFileType = sourcecode.c.h; path = InputVC.h; sourceTree = "<group>"; };
		611EDDB22743660C0064B254 /* InputVC.c */ = {isa = PBXFileReference; lastKnownFileType = sourcecode.c.c; path = InputVC.c; sourceTree = "<group>"; };
		611EDDB8274487010064B254 /* SettingsVC.h */ = {isa = PBXFileReference; lastKnownFileType = sourcecode.c.h; path = SettingsVC.h; sourceTree = "<group>"; };
		611EDDB9274487010064B254 /* SettingsVC.c */ = {isa = PBXFileReference; lastKnownFileType = sourcecode.c.c; path = SettingsVC.c; sourceTree = "<group>"; };
		611EDDBD2744A9F70064B254 /* SetupWorkoutVC.h */ = {isa = PBXFileReference; lastKnownFileType = sourcecode.c.h; path = SetupWorkoutVC.h; sourceTree = "<group>"; };
		611EDDBE2744A9F70064B254 /* SetupWorkoutVC.c */ = {isa = PBXFileReference; lastKnownFileType = sourcecode.c.c; path = SetupWorkoutVC.c; sourceTree = "<group>"; };
		611EDDC42744CB2D0064B254 /* UpdateMaxesVC.h */ = {isa = PBXFileReference; lastKnownFileType = sourcecode.c.h; path = UpdateMaxesVC.h; sourceTree = "<group>"; };
		611EDDC52744CB2D0064B254 /* UpdateMaxesVC.c */ = {isa = PBXFileReference; lastKnownFileType = sourcecode.c.c; path = UpdateMaxesVC.c; sourceTree = "<group>"; };
		611EDDCE2745FEA70064B254 /* WorkoutVC.h */ = {isa = PBXFileReference; lastKnownFileType = sourcecode.c.h; path = WorkoutVC.h; sourceTree = "<group>"; };
		611EDDCF2745FEA70064B254 /* WorkoutVC.c */ = {isa = PBXFileReference; lastKnownFileType = sourcecode.c.c; path = WorkoutVC.c; sourceTree = "<group>"; };
		611EDDE627476ED50064B254 /* HistoryVC.h */ = {isa = PBXFileReference; lastKnownFileType = sourcecode.c.h; path = HistoryVC.h; sourceTree = "<group>"; };
		611EDDE727476ED50064B254 /* HistoryVC.c */ = {isa = PBXFileReference; lastKnownFileType = sourcecode.c.c; path = HistoryVC.c; sourceTree = "<group>"; };
		612FD047266DAF25002C9993 /* WorkoutData.plist */ = {isa = PBXFileReference; lastKnownFileType = text.plist.xml; path = WorkoutData.plist; sourceTree = "<group>"; };
		6147E55E2754464A00893B82 /* Charts.xcframework */ = {isa = PBXFileReference; lastKnownFileType = wrapper.xcframework; path = Charts.xcframework; sourceTree = "<group>"; };
		614DA698270A8D1F00EC90C4 /* ExerciseManager.h */ = {isa = PBXFileReference; lastKnownFileType = sourcecode.c.h; path = ExerciseManager.h; sourceTree = "<group>"; };
		614DA699270A8D1F00EC90C4 /* ExerciseManager.c */ = {isa = PBXFileReference; lastKnownFileType = sourcecode.c.c; path = ExerciseManager.c; sourceTree = "<group>"; };
		614DC12826081E9E00B9588E /* ViewControllerHelpers.h */ = {isa = PBXFileReference; lastKnownFileType = sourcecode.c.h; path = ViewControllerHelpers.h; sourceTree = "<group>"; };
		614DC12F26082BBE00B9588E /* ViewControllerHelpers.c */ = {isa = PBXFileReference; lastKnownFileType = sourcecode.c.c; path = ViewControllerHelpers.c; sourceTree = "<group>"; };
		615086EC26D3222500521269 /* SwiftBridging.m */ = {isa = PBXFileReference; lastKnownFileType = sourcecode.c.objc; path = SwiftBridging.m; sourceTree = "<group>"; };
		615086F026D3223400521269 /* SwiftBridging.h */ = {isa = PBXFileReference; lastKnownFileType = sourcecode.c.h; path = SwiftBridging.h; sourceTree = "<group>"; };
		6151C90226C4B23100C95A93 /* hash.h */ = {isa = PBXFileReference; fileEncoding = 4; lastKnownFileType = sourcecode.c.h; path = hash.h; sourceTree = "<group>"; };
		6151C92026C4B24200C95A93 /* hash.c */ = {isa = PBXFileReference; fileEncoding = 4; lastKnownFileType = sourcecode.c.c; path = hash.c; sourceTree = "<group>"; };
		61592A82274861B600789264 /* TotalWorkoutsView.h */ = {isa = PBXFileReference; lastKnownFileType = sourcecode.c.h; path = TotalWorkoutsView.h; sourceTree = "<group>"; };
		61592A83274861B600789264 /* TotalWorkoutsView.c */ = {isa = PBXFileReference; lastKnownFileType = sourcecode.c.c; path = TotalWorkoutsView.c; sourceTree = "<group>"; };
		61592A872748651500789264 /* WorkoutTypeView.h */ = {isa = PBXFileReference; lastKnownFileType = sourcecode.c.h; path = WorkoutTypeView.h; sourceTree = "<group>"; };
		61592A882748651500789264 /* WorkoutTypeView.c */ = {isa = PBXFileReference; lastKnownFileType = sourcecode.c.c; path = WorkoutTypeView.c; sourceTree = "<group>"; };
		61592AAE27488DD000789264 /* LiftingView.h */ = {isa = PBXFileReference; lastKnownFileType = sourcecode.c.h; path = LiftingView.h; sourceTree = "<group>"; };
		61592AAF27488DD000789264 /* LiftingView.c */ = {isa = PBXFileReference; lastKnownFileType = sourcecode.c.c; path = LiftingView.c; sourceTree = "<group>"; };
		61594D0726068105000D01A1 /* HealthApp.app */ = {isa = PBXFileReference; explicitFileType = wrapper.application; includeInIndex = 0; path = HealthApp.app; sourceTree = BUILT_PRODUCTS_DIR; };
		61594D0B26068105000D01A1 /* AppDelegate.c */ = {isa = PBXFileReference; lastKnownFileType = sourcecode.c.c; path = AppDelegate.c; sourceTree = "<group>"; };
		61594D1726068105000D01A1 /* HealthApp.xcdatamodel */ = {isa = PBXFileReference; lastKnownFileType = wrapper.xcdatamodel; path = HealthApp.xcdatamodel; sourceTree = "<group>"; };
		61594D1926068106000D01A1 /* Assets.xcassets */ = {isa = PBXFileReference; lastKnownFileType = folder.assetcatalog; path = Assets.xcassets; sourceTree = "<group>"; };
		61594D1C26068106000D01A1 /* Base */ = {isa = PBXFileReference; lastKnownFileType = file.storyboard; name = Base; path = Base.lproj/LaunchScreen.storyboard; sourceTree = "<group>"; };
		61594D1E26068106000D01A1 /* Info.plist */ = {isa = PBXFileReference; lastKnownFileType = text.plist.xml; path = Info.plist; sourceTree = "<group>"; };
		61594D1F26068106000D01A1 /* main.c */ = {isa = PBXFileReference; lastKnownFileType = sourcecode.c.c; path = main.c; sourceTree = "<group>"; };
		61594D2526068106000D01A1 /* HealthAppTests.xctest */ = {isa = PBXFileReference; explicitFileType = wrapper.cfbundle; includeInIndex = 0; path = HealthAppTests.xctest; sourceTree = BUILT_PRODUCTS_DIR; };
		61594D2926068106000D01A1 /* HealthAppTests.m */ = {isa = PBXFileReference; lastKnownFileType = sourcecode.c.objc; path = HealthAppTests.m; sourceTree = "<group>"; };
		61594D2B26068106000D01A1 /* Info.plist */ = {isa = PBXFileReference; lastKnownFileType = text.plist.xml; path = Info.plist; sourceTree = "<group>"; };
		61594D5526068BFD000D01A1 /* AppCoordinator.h */ = {isa = PBXFileReference; lastKnownFileType = sourcecode.c.h; path = AppCoordinator.h; sourceTree = "<group>"; };
		61594D5626068C41000D01A1 /* AppCoordinator.c */ = {isa = PBXFileReference; lastKnownFileType = sourcecode.c.c; path = AppCoordinator.c; sourceTree = "<group>"; };
		61594D632606C7AE000D01A1 /* AppUserData.h */ = {isa = PBXFileReference; lastKnownFileType = sourcecode.c.h; path = AppUserData.h; sourceTree = "<group>"; };
		61594D642606C7C6000D01A1 /* AppUserData.c */ = {isa = PBXFileReference; lastKnownFileType = sourcecode.c.c; path = AppUserData.c; sourceTree = "<group>"; };
		615A1C4A2608403900858C32 /* PersistenceService.h */ = {isa = PBXFileReference; lastKnownFileType = sourcecode.c.h; path = PersistenceService.h; sourceTree = "<group>"; };
		615A1C4B2608406100858C32 /* PersistenceService.c */ = {isa = PBXFileReference; lastKnownFileType = sourcecode.c.c; path = PersistenceService.c; sourceTree = "<group>"; };
		6161838026AC8089001587B2 /* CocoaHelpers.h */ = {isa = PBXFileReference; lastKnownFileType = sourcecode.c.h; path = CocoaHelpers.h; sourceTree = "<group>"; };
		6161838126AC80A0001587B2 /* CocoaHelpers.c */ = {isa = PBXFileReference; lastKnownFileType = sourcecode.c.c; path = CocoaHelpers.c; sourceTree = "<group>"; };
		61BC6F52266EA9A80022D6F7 /* WeeklyData+CoreDataClass.m */ = {isa = PBXFileReference; lastKnownFileType = sourcecode.c.objc; path = "WeeklyData+CoreDataClass.m"; sourceTree = "<group>"; };
		61C77914261028BE001326A1 /* HomeTabCoordinator.h */ = {isa = PBXFileReference; lastKnownFileType = sourcecode.c.h; path = HomeTabCoordinator.h; sourceTree = "<group>"; };
		61C7791A26102960001326A1 /* HomeViewModel.h */ = {isa = PBXFileReference; lastKnownFileType = sourcecode.c.h; path = HomeViewModel.h; sourceTree = "<group>"; };
		61C7791D261029C6001326A1 /* AddWorkoutCoordinator.h */ = {isa = PBXFileReference; lastKnownFileType = sourcecode.c.h; path = AddWorkoutCoordinator.h; sourceTree = "<group>"; };
		61C7792626102AAE001326A1 /* HistoryTabCoordinator.h */ = {isa = PBXFileReference; lastKnownFileType = sourcecode.c.h; path = HistoryTabCoordinator.h; sourceTree = "<group>"; };
		61C7793526102C19001326A1 /* HistoryTabCoordinator.c */ = {isa = PBXFileReference; lastKnownFileType = sourcecode.c.c; path = HistoryTabCoordinator.c; sourceTree = "<group>"; };
		61C7797726102D45001326A1 /* HomeViewModel.c */ = {isa = PBXFileReference; lastKnownFileType = sourcecode.c.c; path = HomeViewModel.c; sourceTree = "<group>"; };
		61C7797B26102D5F001326A1 /* HomeTabCoordinator.c */ = {isa = PBXFileReference; lastKnownFileType = sourcecode.c.c; path = HomeTabCoordinator.c; sourceTree = "<group>"; };
		61C779A326102E20001326A1 /* AddWorkoutCoordinator.c */ = {isa = PBXFileReference; lastKnownFileType = sourcecode.c.c; path = AddWorkoutCoordinator.c; sourceTree = "<group>"; };
		61E8ED6826FD60B400942368 /* en */ = {isa = PBXFileReference; lastKnownFileType = text.plist.strings; name = en; path = en.lproj/Localizable.strings; sourceTree = "<group>"; };
		61E8ED6B26FD87AB00942368 /* WorkoutData_d.plist */ = {isa = PBXFileReference; fileEncoding = 4; lastKnownFileType = text.plist.xml; path = WorkoutData_d.plist; sourceTree = "<group>"; };
		61FFEEA1272CCCAE002BFFA6 /* AppDelegate.h */ = {isa = PBXFileReference; lastKnownFileType = sourcecode.c.h; path = AppDelegate.h; sourceTree = "<group>"; };
/* End PBXFileReference section */

/* Begin PBXFrameworksBuildPhase section */
		61594D0426068105000D01A1 /* Frameworks */ = {
			isa = PBXFrameworksBuildPhase;
			buildActionMask = 2147483647;
			files = (
				6147E5612754465200893B82 /* Charts.xcframework in Frameworks */,
			);
			runOnlyForDeploymentPostprocessing = 0;
		};
		61594D2226068106000D01A1 /* Frameworks */ = {
			isa = PBXFrameworksBuildPhase;
			buildActionMask = 2147483647;
			files = (
			);
			runOnlyForDeploymentPostprocessing = 0;
		};
/* End PBXFrameworksBuildPhase section */

/* Begin PBXGroup section */
		6107C957266C159B00DDBCCF /* Workouts */ = {
			isa = PBXGroup;
			children = (
				614DA698270A8D1F00EC90C4 /* ExerciseManager.h */,
				614DA699270A8D1F00EC90C4 /* ExerciseManager.c */,
			);
			path = Workouts;
			sourceTree = "<group>";
		};
		61594CFE26068105000D01A1 = {
			isa = PBXGroup;
			children = (
				61594D0926068105000D01A1 /* HealthApp */,
				61594D2826068106000D01A1 /* HealthAppTests */,
				6185D9B926E4263700DB2BF2 /* Frameworks */,
				61594D0826068105000D01A1 /* Products */,
			);
			sourceTree = "<group>";
		};
		61594D0826068105000D01A1 /* Products */ = {
			isa = PBXGroup;
			children = (
				61594D0726068105000D01A1 /* HealthApp.app */,
				61594D2526068106000D01A1 /* HealthAppTests.xctest */,
			);
			name = Products;
			sourceTree = "<group>";
		};
		61594D0926068105000D01A1 /* HealthApp */ = {
			isa = PBXGroup;
			children = (
				61C779022610260B001326A1 /* Common */,
				61C778E926102446001326A1 /* Tabs */,
				61FFEEA1272CCCAE002BFFA6 /* AppDelegate.h */,
				61594D0B26068105000D01A1 /* AppDelegate.c */,
				61594D1926068106000D01A1 /* Assets.xcassets */,
				61594D1E26068106000D01A1 /* Info.plist */,
				61594D1B26068106000D01A1 /* LaunchScreen.storyboard */,
				61594D1F26068106000D01A1 /* main.c */,
				61E8ED6926FD60B400942368 /* Localizable.strings */,
			);
			path = HealthApp;
			sourceTree = "<group>";
		};
		61594D2826068106000D01A1 /* HealthAppTests */ = {
			isa = PBXGroup;
			children = (
				61594D2926068106000D01A1 /* HealthAppTests.m */,
				61594D2B26068106000D01A1 /* Info.plist */,
			);
			path = HealthAppTests;
			sourceTree = "<group>";
		};
		61594D5326068A05000D01A1 /* CoreData */ = {
			isa = PBXGroup;
			children = (
				61594D1626068105000D01A1 /* HealthApp.xcdatamodeld */,
				61BC6F52266EA9A80022D6F7 /* WeeklyData+CoreDataClass.m */,
			);
			path = CoreData;
			sourceTree = "<group>";
		};
		617BDE1926FE48CB00BDDB73 /* View */ = {
			isa = PBXGroup;
			children = (
				610B92B2270A67CC00358DBD /* Constraints.h */,
				610B92B3270A67CC00358DBD /* Constraints.c */,
				610B92C9270A7F4900358DBD /* ContainerView.h */,
				610B92CA270A7F4900358DBD /* ContainerView.c */,
				610B92B7270A6E9000358DBD /* Views.h */,
				610B92B8270A6E9000358DBD /* Views.c */,
				611EDDA12741F8750064B254 /* StatusView.h */,
				611EDDA22741F8750064B254 /* StatusView.c */,
				611EDDB12743660C0064B254 /* InputVC.h */,
				611EDDB22743660C0064B254 /* InputVC.c */,
			);
			path = View;
			sourceTree = "<group>";
		};
		61808D3F261126CF00BAF7AB /* DataStructures */ = {
			isa = PBXGroup;
			children = (
				611B590E26C5F6830082F6CA /* alg_helper.h */,
				611B591126C5F6830082F6CA /* array.h */,
				611B591026C5F6830082F6CA /* ds.h */,
				611B591226C5F6830082F6CA /* hash_table.h */,
				6151C92026C4B24200C95A93 /* hash.c */,
				6151C90226C4B23100C95A93 /* hash.h */,
				611B590F26C5F6830082F6CA /* unordered_set.h */,
			);
			path = DataStructures;
			sourceTree = "<group>";
		};
		6185D9B926E4263700DB2BF2 /* Frameworks */ = {
			isa = PBXGroup;
			children = (
				6147E55E2754464A00893B82 /* Charts.xcframework */,
			);
			path = Frameworks;
			sourceTree = "<group>";
		};
		61C778E926102446001326A1 /* Tabs */ = {
			isa = PBXGroup;
			children = (
				61C778EB26102458001326A1 /* History */,
				61C778EA26102453001326A1 /* Home */,
				61C778EC26102467001326A1 /* Settings */,
			);
			path = Tabs;
			sourceTree = "<group>";
		};
		61C778EA26102453001326A1 /* Home */ = {
			isa = PBXGroup;
			children = (
				61C778EE2610247D001326A1 /* AddWorkout */,
				61C778ED26102474001326A1 /* Main */,
			);
			path = Home;
			sourceTree = "<group>";
		};
		61C778EB26102458001326A1 /* History */ = {
			isa = PBXGroup;
			children = (
				61C778FD261025AF001326A1 /* Coordinator */,
				61C778FB2610259F001326A1 /* View */,
				61C778FA26102598001326A1 /* ViewController */,
			);
			path = History;
			sourceTree = "<group>";
		};
		61C778EC26102467001326A1 /* Settings */ = {
			isa = PBXGroup;
			children = (
				611EDDB8274487010064B254 /* SettingsVC.h */,
				611EDDB9274487010064B254 /* SettingsVC.c */,
			);
			path = Settings;
			sourceTree = "<group>";
		};
		61C778ED26102474001326A1 /* Main */ = {
			isa = PBXGroup;
			children = (
				61C778F32610250C001326A1 /* Coordinator */,
				61C778F62610254E001326A1 /* ViewController */,
				61C778F72610255C001326A1 /* ViewModel */,
			);
			path = Main;
			sourceTree = "<group>";
		};
		61C778EE2610247D001326A1 /* AddWorkout */ = {
			isa = PBXGroup;
			children = (
				61C778EF261024DC001326A1 /* Coordinator */,
				61C778F826102580001326A1 /* ViewController */,
			);
			path = AddWorkout;
			sourceTree = "<group>";
		};
		61C778EF261024DC001326A1 /* Coordinator */ = {
			isa = PBXGroup;
			children = (
				61C7791D261029C6001326A1 /* AddWorkoutCoordinator.h */,
				61C779A326102E20001326A1 /* AddWorkoutCoordinator.c */,
			);
			path = Coordinator;
			sourceTree = "<group>";
		};
		61C778F32610250C001326A1 /* Coordinator */ = {
			isa = PBXGroup;
			children = (
				61C77914261028BE001326A1 /* HomeTabCoordinator.h */,
				61C7797B26102D5F001326A1 /* HomeTabCoordinator.c */,
			);
			path = Coordinator;
			sourceTree = "<group>";
		};
		61C778F62610254E001326A1 /* ViewController */ = {
			isa = PBXGroup;
			children = (
				611EDDA7274355F10064B254 /* HomeVC.h */,
				611EDDA8274355F10064B254 /* HomeVC.c */,
				611EDDBD2744A9F70064B254 /* SetupWorkoutVC.h */,
				611EDDBE2744A9F70064B254 /* SetupWorkoutVC.c */,
			);
			path = ViewController;
			sourceTree = "<group>";
		};
		61C778F72610255C001326A1 /* ViewModel */ = {
			isa = PBXGroup;
			children = (
				61C7791A26102960001326A1 /* HomeViewModel.h */,
				61C7797726102D45001326A1 /* HomeViewModel.c */,
			);
			path = ViewModel;
			sourceTree = "<group>";
		};
		61C778F826102580001326A1 /* ViewController */ = {
			isa = PBXGroup;
			children = (
				611EDDC42744CB2D0064B254 /* UpdateMaxesVC.h */,
				611EDDC52744CB2D0064B254 /* UpdateMaxesVC.c */,
				611EDDCE2745FEA70064B254 /* WorkoutVC.h */,
				611EDDCF2745FEA70064B254 /* WorkoutVC.c */,
			);
			path = ViewController;
			sourceTree = "<group>";
		};
		61C778FA26102598001326A1 /* ViewController */ = {
			isa = PBXGroup;
			children = (
				611EDDE627476ED50064B254 /* HistoryVC.h */,
				611EDDE727476ED50064B254 /* HistoryVC.c */,
			);
			path = ViewController;
			sourceTree = "<group>";
		};
		61C778FB2610259F001326A1 /* View */ = {
			isa = PBXGroup;
			children = (
				61592A82274861B600789264 /* TotalWorkoutsView.h */,
				61592A83274861B600789264 /* TotalWorkoutsView.c */,
				61592A872748651500789264 /* WorkoutTypeView.h */,
				61592A882748651500789264 /* WorkoutTypeView.c */,
				61592AAE27488DD000789264 /* LiftingView.h */,
				61592AAF27488DD000789264 /* LiftingView.c */,
			);
			path = View;
			sourceTree = "<group>";
		};
		61C778FD261025AF001326A1 /* Coordinator */ = {
			isa = PBXGroup;
			children = (
				61C7792626102AAE001326A1 /* HistoryTabCoordinator.h */,
				61C7793526102C19001326A1 /* HistoryTabCoordinator.c */,
			);
			path = Coordinator;
			sourceTree = "<group>";
		};
		61C779022610260B001326A1 /* Common */ = {
			isa = PBXGroup;
			children = (
				61594D5326068A05000D01A1 /* CoreData */,
				61808D3F261126CF00BAF7AB /* DataStructures */,
				61C7790426102663001326A1 /* Extensions */,
				61C7790326102620001326A1 /* SharedData */,
				617BDE1926FE48CB00BDDB73 /* View */,
				6107C957266C159B00DDBCCF /* Workouts */,
				612FD047266DAF25002C9993 /* WorkoutData.plist */,
				61E8ED6B26FD87AB00942368 /* WorkoutData_d.plist */,
			);
			path = Common;
			sourceTree = "<group>";
		};
		61C7790326102620001326A1 /* SharedData */ = {
			isa = PBXGroup;
			children = (
				61594D5526068BFD000D01A1 /* AppCoordinator.h */,
				61594D5626068C41000D01A1 /* AppCoordinator.c */,
				61594D632606C7AE000D01A1 /* AppUserData.h */,
				61594D642606C7C6000D01A1 /* AppUserData.c */,
				615A1C4A2608403900858C32 /* PersistenceService.h */,
				615A1C4B2608406100858C32 /* PersistenceService.c */,
			);
			path = SharedData;
			sourceTree = "<group>";
		};
		61C7790426102663001326A1 /* Extensions */ = {
			isa = PBXGroup;
			children = (
				6161838026AC8089001587B2 /* CocoaHelpers.h */,
				6161838126AC80A0001587B2 /* CocoaHelpers.c */,
				615086F026D3223400521269 /* SwiftBridging.h */,
				615086EC26D3222500521269 /* SwiftBridging.m */,
				614DC12826081E9E00B9588E /* ViewControllerHelpers.h */,
				614DC12F26082BBE00B9588E /* ViewControllerHelpers.c */,
			);
			path = Extensions;
			sourceTree = "<group>";
		};
/* End PBXGroup section */

/* Begin PBXHeadersBuildPhase section */
		61808D4E26112BDD00BAF7AB /* Headers */ = {
			isa = PBXHeadersBuildPhase;
			buildActionMask = 2147483647;
			files = (
				611EDDBA274487010064B254 /* SettingsVC.h in Headers */,
				611EDDC62744CB2D0064B254 /* UpdateMaxesVC.h in Headers */,
				6151C91126C4B23200C95A93 /* hash.h in Headers */,
				61FFEEA2272CCCB5002BFFA6 /* AppDelegate.h in Headers */,
				611EDDE827476ED50064B254 /* HistoryVC.h in Headers */,
				61592A892748651500789264 /* WorkoutTypeView.h in Headers */,
				61592AB027488DD000789264 /* LiftingView.h in Headers */,
				611B591326C5F6830082F6CA /* alg_helper.h in Headers */,
				611EDDA9274355F10064B254 /* HomeVC.h in Headers */,
				611EDDBF2744A9F70064B254 /* SetupWorkoutVC.h in Headers */,
				610B92B9270A6E9000358DBD /* Views.h in Headers */,
				611EDDD02745FEA70064B254 /* WorkoutVC.h in Headers */,
				610B92B4270A67CC00358DBD /* Constraints.h in Headers */,
				611B591426C5F6830082F6CA /* unordered_set.h in Headers */,
				611B591726C5F6830082F6CA /* hash_table.h in Headers */,
				611B591526C5F6830082F6CA /* ds.h in Headers */,
				611B591626C5F6830082F6CA /* array.h in Headers */,
				614DA69A270A8D1F00EC90C4 /* ExerciseManager.h in Headers */,
				611EDDB32743660C0064B254 /* InputVC.h in Headers */,
				611EDDA32741F8750064B254 /* StatusView.h in Headers */,
				610B92CB270A7F4900358DBD /* ContainerView.h in Headers */,
				61592A84274861B600789264 /* TotalWorkoutsView.h in Headers */,
			);
			runOnlyForDeploymentPostprocessing = 0;
		};
/* End PBXHeadersBuildPhase section */

/* Begin PBXNativeTarget section */
		61594D0626068105000D01A1 /* HealthApp */ = {
			isa = PBXNativeTarget;
			buildConfigurationList = 61594D3926068106000D01A1 /* Build configuration list for PBXNativeTarget "HealthApp" */;
			buildPhases = (
				61808D4E26112BDD00BAF7AB /* Headers */,
				61594D0326068105000D01A1 /* Sources */,
				61594D0426068105000D01A1 /* Frameworks */,
				61594D0526068105000D01A1 /* Resources */,
				61D5651426DC74B8009CF765 /* Embed Frameworks */,
			);
			buildRules = (
			);
			dependencies = (
			);
			name = HealthApp;
			productName = HealthApp;
			productReference = 61594D0726068105000D01A1 /* HealthApp.app */;
			productType = "com.apple.product-type.application";
		};
		61594D2426068106000D01A1 /* HealthAppTests */ = {
			isa = PBXNativeTarget;
			buildConfigurationList = 61594D3C26068106000D01A1 /* Build configuration list for PBXNativeTarget "HealthAppTests" */;
			buildPhases = (
				61594D2126068106000D01A1 /* Sources */,
				61594D2226068106000D01A1 /* Frameworks */,
				61594D2326068106000D01A1 /* Resources */,
			);
			buildRules = (
			);
			dependencies = (
				61594D2726068106000D01A1 /* PBXTargetDependency */,
			);
			name = HealthAppTests;
			productName = HealthAppTests;
			productReference = 61594D2526068106000D01A1 /* HealthAppTests.xctest */;
			productType = "com.apple.product-type.bundle.unit-test";
		};
/* End PBXNativeTarget section */

/* Begin PBXProject section */
		61594CFF26068105000D01A1 /* Project object */ = {
			isa = PBXProject;
			attributes = {
				LastUpgradeCheck = 1240;
				TargetAttributes = {
					61594D0626068105000D01A1 = {
						CreatedOnToolsVersion = 12.4;
					};
					61594D2426068106000D01A1 = {
						CreatedOnToolsVersion = 12.4;
						TestTargetID = 61594D0626068105000D01A1;
					};
				};
			};
			buildConfigurationList = 61594D0226068105000D01A1 /* Build configuration list for PBXProject "HealthApp" */;
			compatibilityVersion = "Xcode 9.3";
			developmentRegion = en;
			hasScannedForEncodings = 0;
			knownRegions = (
				en,
				Base,
			);
			mainGroup = 61594CFE26068105000D01A1;
			productRefGroup = 61594D0826068105000D01A1 /* Products */;
			projectDirPath = "";
			projectRoot = "";
			targets = (
				61594D0626068105000D01A1 /* HealthApp */,
				61594D2426068106000D01A1 /* HealthAppTests */,
			);
		};
/* End PBXProject section */

/* Begin PBXResourcesBuildPhase section */
		61594D0526068105000D01A1 /* Resources */ = {
			isa = PBXResourcesBuildPhase;
			buildActionMask = 2147483647;
			files = (
				61594D1D26068106000D01A1 /* LaunchScreen.storyboard in Resources */,
				61E8ED6726FD60B400942368 /* Localizable.strings in Resources */,
				61E8ED6C26FD87AB00942368 /* WorkoutData_d.plist in Resources */,
				61594D1A26068106000D01A1 /* Assets.xcassets in Resources */,
				612FD048266DAF25002C9993 /* WorkoutData.plist in Resources */,
			);
			runOnlyForDeploymentPostprocessing = 0;
		};
		61594D2326068106000D01A1 /* Resources */ = {
			isa = PBXResourcesBuildPhase;
			buildActionMask = 2147483647;
			files = (
			);
			runOnlyForDeploymentPostprocessing = 0;
		};
/* End PBXResourcesBuildPhase section */

/* Begin PBXSourcesBuildPhase section */
		61594D0326068105000D01A1 /* Sources */ = {
			isa = PBXSourcesBuildPhase;
			buildActionMask = 2147483647;
			files = (
				61594D1826068105000D01A1 /* HealthApp.xcdatamodeld in Sources */,
				61BC6F56266EA9A80022D6F7 /* WeeklyData+CoreDataClass.m in Sources */,
				6151C92226C4B24200C95A93 /* hash.c in Sources */,
				6161838226AC80A0001587B2 /* CocoaHelpers.c in Sources */,
				61594D652606C7C6000D01A1 /* AppUserData.c in Sources */,
				615A1C4C2608406100858C32 /* PersistenceService.c in Sources */,
				610B92B5270A67CC00358DBD /* Constraints.c in Sources */,
				610B92BA270A6E9000358DBD /* Views.c in Sources */,
				614DC13026082BBE00B9588E /* ViewControllerHelpers.c in Sources */,
				615086ED26D3222500521269 /* SwiftBridging.m in Sources */,
				614DA69B270A8D1F00EC90C4 /* ExerciseManager.c in Sources */,
				611EDDA42741F8750064B254 /* StatusView.c in Sources */,
				610B92CC270A7F4900358DBD /* ContainerView.c in Sources */,
				611EDDB42743660C0064B254 /* InputVC.c in Sources */,
				611EDDBB274487010064B254 /* SettingsVC.c in Sources */,
				61C7797826102D45001326A1 /* HomeViewModel.c in Sources */,
				61C7797C26102D5F001326A1 /* HomeTabCoordinator.c in Sources */,
				611EDDAA274355F10064B254 /* HomeVC.c in Sources */,
				611EDDC02744A9F70064B254 /* SetupWorkoutVC.c in Sources */,
				61C7793626102C19001326A1 /* HistoryTabCoordinator.c in Sources */,
				61592A85274861B600789264 /* TotalWorkoutsView.c in Sources */,
				61592A8A2748651500789264 /* WorkoutTypeView.c in Sources */,
				61592AB127488DD000789264 /* LiftingView.c in Sources */,
				611EDDE927476ED50064B254 /* HistoryVC.c in Sources */,
				61C779A426102E20001326A1 /* AddWorkoutCoordinator.c in Sources */,
				611EDDD12745FEA70064B254 /* WorkoutVC.c in Sources */,
				611EDDC72744CB2D0064B254 /* UpdateMaxesVC.c in Sources */,
				61594D5726068C41000D01A1 /* AppCoordinator.c in Sources */,
				61594D0C26068105000D01A1 /* AppDelegate.c in Sources */,
				61594D2026068106000D01A1 /* main.c in Sources */,
			);
			runOnlyForDeploymentPostprocessing = 0;
		};
		61594D2126068106000D01A1 /* Sources */ = {
			isa = PBXSourcesBuildPhase;
			buildActionMask = 2147483647;
			files = (
				61594D2A26068106000D01A1 /* HealthAppTests.m in Sources */,
			);
			runOnlyForDeploymentPostprocessing = 0;
		};
/* End PBXSourcesBuildPhase section */

/* Begin PBXTargetDependency section */
		61594D2726068106000D01A1 /* PBXTargetDependency */ = {
			isa = PBXTargetDependency;
			target = 61594D0626068105000D01A1 /* HealthApp */;
			targetProxy = 61594D2626068106000D01A1 /* PBXContainerItemProxy */;
		};
/* End PBXTargetDependency section */

/* Begin PBXVariantGroup section */
		61594D1B26068106000D01A1 /* LaunchScreen.storyboard */ = {
			isa = PBXVariantGroup;
			children = (
				61594D1C26068106000D01A1 /* Base */,
			);
			name = LaunchScreen.storyboard;
			sourceTree = "<group>";
		};
		61E8ED6926FD60B400942368 /* Localizable.strings */ = {
			isa = PBXVariantGroup;
			children = (
				61E8ED6826FD60B400942368 /* en */,
			);
			name = Localizable.strings;
			sourceTree = "<group>";
		};
/* End PBXVariantGroup section */

/* Begin XCBuildConfiguration section */
		61594D3726068106000D01A1 /* Debug */ = {
			isa = XCBuildConfiguration;
			buildSettings = {
				ALWAYS_SEARCH_USER_PATHS = NO;
				CLANG_ANALYZER_NONNULL = YES;
				CLANG_ANALYZER_NUMBER_OBJECT_CONVERSION = YES_AGGRESSIVE;
				CLANG_CXX_LANGUAGE_STANDARD = "gnu++14";
				CLANG_CXX_LIBRARY = "libc++";
				CLANG_ENABLE_MODULES = YES;
				CLANG_ENABLE_OBJC_ARC = YES;
				CLANG_ENABLE_OBJC_WEAK = YES;
				CLANG_WARN_BLOCK_CAPTURE_AUTORELEASING = YES;
				CLANG_WARN_BOOL_CONVERSION = YES;
				CLANG_WARN_COMMA = YES;
				CLANG_WARN_CONSTANT_CONVERSION = YES;
				CLANG_WARN_DEPRECATED_OBJC_IMPLEMENTATIONS = YES;
				CLANG_WARN_DIRECT_OBJC_ISA_USAGE = YES_ERROR;
				CLANG_WARN_DOCUMENTATION_COMMENTS = YES;
				CLANG_WARN_EMPTY_BODY = YES;
				CLANG_WARN_ENUM_CONVERSION = YES;
				CLANG_WARN_INFINITE_RECURSION = YES;
				CLANG_WARN_INT_CONVERSION = YES;
				CLANG_WARN_NON_LITERAL_NULL_CONVERSION = YES;
				CLANG_WARN_OBJC_IMPLICIT_RETAIN_SELF = YES;
				CLANG_WARN_OBJC_LITERAL_CONVERSION = YES;
				CLANG_WARN_OBJC_ROOT_CLASS = YES_ERROR;
				CLANG_WARN_QUOTED_INCLUDE_IN_FRAMEWORK_HEADER = YES;
				CLANG_WARN_RANGE_LOOP_ANALYSIS = YES;
				CLANG_WARN_STRICT_PROTOTYPES = YES;
				CLANG_WARN_SUSPICIOUS_MOVE = YES;
				CLANG_WARN_UNGUARDED_AVAILABILITY = YES_AGGRESSIVE;
				CLANG_WARN_UNREACHABLE_CODE = YES;
				CLANG_WARN__DUPLICATE_METHOD_MATCH = YES;
				COPY_PHASE_STRIP = NO;
				DEBUG_INFORMATION_FORMAT = dwarf;
				ENABLE_STRICT_OBJC_MSGSEND = YES;
				ENABLE_TESTABILITY = YES;
				GCC_C_LANGUAGE_STANDARD = gnu11;
				GCC_DYNAMIC_NO_PIC = NO;
				GCC_NO_COMMON_BLOCKS = YES;
				GCC_OPTIMIZATION_LEVEL = 0;
				GCC_PREPROCESSOR_DEFINITIONS = (
					"DEBUG=1",
					"$(inherited)",
				);
				GCC_WARN_64_TO_32_BIT_CONVERSION = YES;
				GCC_WARN_ABOUT_RETURN_TYPE = YES_ERROR;
				GCC_WARN_UNDECLARED_SELECTOR = YES;
				GCC_WARN_UNINITIALIZED_AUTOS = YES_AGGRESSIVE;
				GCC_WARN_UNUSED_FUNCTION = YES;
				GCC_WARN_UNUSED_VARIABLE = YES;
				IPHONEOS_DEPLOYMENT_TARGET = 14.1;
				MTL_ENABLE_DEBUG_INFO = INCLUDE_SOURCE;
				MTL_FAST_MATH = YES;
				ONLY_ACTIVE_ARCH = YES;
				SDKROOT = iphoneos;
			};
			name = Debug;
		};
		61594D3826068106000D01A1 /* Release */ = {
			isa = XCBuildConfiguration;
			buildSettings = {
				ALWAYS_SEARCH_USER_PATHS = NO;
				CLANG_ANALYZER_NONNULL = YES;
				CLANG_ANALYZER_NUMBER_OBJECT_CONVERSION = YES_AGGRESSIVE;
				CLANG_CXX_LANGUAGE_STANDARD = "gnu++14";
				CLANG_CXX_LIBRARY = "libc++";
				CLANG_ENABLE_MODULES = YES;
				CLANG_ENABLE_OBJC_ARC = YES;
				CLANG_ENABLE_OBJC_WEAK = YES;
				CLANG_WARN_BLOCK_CAPTURE_AUTORELEASING = YES;
				CLANG_WARN_BOOL_CONVERSION = YES;
				CLANG_WARN_COMMA = YES;
				CLANG_WARN_CONSTANT_CONVERSION = YES;
				CLANG_WARN_DEPRECATED_OBJC_IMPLEMENTATIONS = YES;
				CLANG_WARN_DIRECT_OBJC_ISA_USAGE = YES_ERROR;
				CLANG_WARN_DOCUMENTATION_COMMENTS = YES;
				CLANG_WARN_EMPTY_BODY = YES;
				CLANG_WARN_ENUM_CONVERSION = YES;
				CLANG_WARN_INFINITE_RECURSION = YES;
				CLANG_WARN_INT_CONVERSION = YES;
				CLANG_WARN_NON_LITERAL_NULL_CONVERSION = YES;
				CLANG_WARN_OBJC_IMPLICIT_RETAIN_SELF = YES;
				CLANG_WARN_OBJC_LITERAL_CONVERSION = YES;
				CLANG_WARN_OBJC_ROOT_CLASS = YES_ERROR;
				CLANG_WARN_QUOTED_INCLUDE_IN_FRAMEWORK_HEADER = YES;
				CLANG_WARN_RANGE_LOOP_ANALYSIS = YES;
				CLANG_WARN_STRICT_PROTOTYPES = YES;
				CLANG_WARN_SUSPICIOUS_MOVE = YES;
				CLANG_WARN_UNGUARDED_AVAILABILITY = YES_AGGRESSIVE;
				CLANG_WARN_UNREACHABLE_CODE = YES;
				CLANG_WARN__DUPLICATE_METHOD_MATCH = YES;
				COPY_PHASE_STRIP = NO;
				DEBUG_INFORMATION_FORMAT = "dwarf-with-dsym";
				ENABLE_NS_ASSERTIONS = NO;
				ENABLE_STRICT_OBJC_MSGSEND = YES;
				GCC_C_LANGUAGE_STANDARD = gnu11;
				GCC_NO_COMMON_BLOCKS = YES;
				GCC_WARN_64_TO_32_BIT_CONVERSION = YES;
				GCC_WARN_ABOUT_RETURN_TYPE = YES_ERROR;
				GCC_WARN_UNDECLARED_SELECTOR = YES;
				GCC_WARN_UNINITIALIZED_AUTOS = YES_AGGRESSIVE;
				GCC_WARN_UNUSED_FUNCTION = YES;
				GCC_WARN_UNUSED_VARIABLE = YES;
				IPHONEOS_DEPLOYMENT_TARGET = 14.1;
				MTL_ENABLE_DEBUG_INFO = NO;
				MTL_FAST_MATH = YES;
				SDKROOT = iphoneos;
				VALIDATE_PRODUCT = YES;
			};
			name = Release;
		};
		61594D3A26068106000D01A1 /* Debug */ = {
			isa = XCBuildConfiguration;
			buildSettings = {
				ALWAYS_EMBED_SWIFT_STANDARD_LIBRARIES = YES;
				ASSETCATALOG_COMPILER_APPICON_NAME = AppIcon;
				ASSETCATALOG_COMPILER_GLOBAL_ACCENT_COLOR_NAME = AccentColor;
				CLANG_CXX_LANGUAGE_STANDARD = "gnu++0x";
				CLANG_ENABLE_OBJC_ARC = YES;
				CLANG_WARN_OBJC_REPEATED_USE_OF_WEAK = YES;
				CODE_SIGN_STYLE = Automatic;
				DEVELOPMENT_TEAM = 77YYP4528L;
				ENABLE_STRICT_OBJC_MSGSEND = YES;
				EXCLUDED_SOURCE_FILE_NAMES = WorkoutData.plist;
				GCC_CHAR_IS_UNSIGNED_CHAR = YES;
				GCC_C_LANGUAGE_STANDARD = gnu11;
				GCC_OPTIMIZATION_LEVEL = 0;
				GCC_UNROLL_LOOPS = NO;
				HEADER_SEARCH_PATHS = "";
				INFOPLIST_FILE = HealthApp/Info.plist;
				IPHONEOS_DEPLOYMENT_TARGET = 10.0;
				LD_RUNPATH_SEARCH_PATHS = (
					"$(inherited)",
					"@executable_path/Frameworks",
				);
				MARKETING_VERSION = 1.0;
				ONLY_ACTIVE_ARCH = YES;
				OTHER_CFLAGS = (
					"-Wall",
					"-Wextra",
					"-Wstrict-prototypes",
					"-fconstant-cfstrings",
				);
				PRODUCT_BUNDLE_IDENTIFIER = cray2.HealthApp;
				PRODUCT_NAME = "$(TARGET_NAME)";
				SWIFT_OPTIMIZATION_LEVEL = "-Onone";
				SWIFT_VERSION = 5.0;
				TARGETED_DEVICE_FAMILY = "1,2";
				USER_HEADER_SEARCH_PATHS = "";
			};
			name = Debug;
		};
		61594D3B26068106000D01A1 /* Release */ = {
			isa = XCBuildConfiguration;
			buildSettings = {
				ALWAYS_EMBED_SWIFT_STANDARD_LIBRARIES = YES;
				ASSETCATALOG_COMPILER_APPICON_NAME = AppIcon;
				ASSETCATALOG_COMPILER_GLOBAL_ACCENT_COLOR_NAME = AccentColor;
				CLANG_CXX_LANGUAGE_STANDARD = "gnu++0x";
				CLANG_ENABLE_OBJC_ARC = YES;
				CLANG_WARN_OBJC_REPEATED_USE_OF_WEAK = YES;
				CODE_SIGN_STYLE = Automatic;
				DEVELOPMENT_TEAM = 77YYP4528L;
				ENABLE_STRICT_OBJC_MSGSEND = YES;
				EXCLUDED_SOURCE_FILE_NAMES = WorkoutData_d.plist;
				GCC_CHAR_IS_UNSIGNED_CHAR = YES;
				GCC_C_LANGUAGE_STANDARD = gnu11;
				GCC_GENERATE_DEBUGGING_SYMBOLS = NO;
				GCC_UNROLL_LOOPS = YES;
				HEADER_SEARCH_PATHS = "";
				INFOPLIST_FILE = HealthApp/Info.plist;
				IPHONEOS_DEPLOYMENT_TARGET = 10.0;
				LD_RUNPATH_SEARCH_PATHS = (
					"$(inherited)",
					"@executable_path/Frameworks",
				);
				MARKETING_VERSION = 1.0;
				ONLY_ACTIVE_ARCH = YES;
				OTHER_CFLAGS = (
					"-Os",
					"-Wall",
					"-Wextra",
					"-Wstrict-prototypes",
					"-finline-functions",
				);
				OTHER_CPLUSPLUSFLAGS = (
					"-Os",
					"-Wall",
					"-Wextra",
					"-Werror",
					"-finline-functions",
				);
				PRODUCT_BUNDLE_IDENTIFIER = cray2.HealthApp;
				PRODUCT_NAME = "$(TARGET_NAME)";
				SWIFT_VERSION = 5.0;
				TARGETED_DEVICE_FAMILY = "1,2";
			};
			name = Release;
		};
		61594D3D26068106000D01A1 /* Debug */ = {
			isa = XCBuildConfiguration;
			buildSettings = {
				BUNDLE_LOADER = "$(TEST_HOST)";
				CODE_SIGN_STYLE = Automatic;
				DEVELOPMENT_TEAM = 77YYP4528L;
				INFOPLIST_FILE = HealthAppTests/Info.plist;
				IPHONEOS_DEPLOYMENT_TARGET = 14.4;
				LD_RUNPATH_SEARCH_PATHS = (
					"$(inherited)",
					"@executable_path/Frameworks",
					"@loader_path/Frameworks",
				);
				PRODUCT_BUNDLE_IDENTIFIER = cray2.HealthAppTests;
				PRODUCT_NAME = "$(TARGET_NAME)";
				TARGETED_DEVICE_FAMILY = "1,2";
				TEST_HOST = "$(BUILT_PRODUCTS_DIR)/HealthApp.app/HealthApp";
			};
			name = Debug;
		};
		61594D3E26068106000D01A1 /* Release */ = {
			isa = XCBuildConfiguration;
			buildSettings = {
				BUNDLE_LOADER = "$(TEST_HOST)";
				CODE_SIGN_STYLE = Automatic;
				DEVELOPMENT_TEAM = 77YYP4528L;
				INFOPLIST_FILE = HealthAppTests/Info.plist;
				IPHONEOS_DEPLOYMENT_TARGET = 14.4;
				LD_RUNPATH_SEARCH_PATHS = (
					"$(inherited)",
					"@executable_path/Frameworks",
					"@loader_path/Frameworks",
				);
				PRODUCT_BUNDLE_IDENTIFIER = cray2.HealthAppTests;
				PRODUCT_NAME = "$(TARGET_NAME)";
				TARGETED_DEVICE_FAMILY = "1,2";
				TEST_HOST = "$(BUILT_PRODUCTS_DIR)/HealthApp.app/HealthApp";
			};
			name = Release;
		};
/* End XCBuildConfiguration section */

/* Begin XCConfigurationList section */
		61594D0226068105000D01A1 /* Build configuration list for PBXProject "HealthApp" */ = {
			isa = XCConfigurationList;
			buildConfigurations = (
				61594D3726068106000D01A1 /* Debug */,
				61594D3826068106000D01A1 /* Release */,
			);
			defaultConfigurationIsVisible = 0;
			defaultConfigurationName = Release;
		};
		61594D3926068106000D01A1 /* Build configuration list for PBXNativeTarget "HealthApp" */ = {
			isa = XCConfigurationList;
			buildConfigurations = (
				61594D3A26068106000D01A1 /* Debug */,
				61594D3B26068106000D01A1 /* Release */,
			);
			defaultConfigurationIsVisible = 0;
			defaultConfigurationName = Release;
		};
		61594D3C26068106000D01A1 /* Build configuration list for PBXNativeTarget "HealthAppTests" */ = {
			isa = XCConfigurationList;
			buildConfigurations = (
				61594D3D26068106000D01A1 /* Debug */,
				61594D3E26068106000D01A1 /* Release */,
			);
			defaultConfigurationIsVisible = 0;
			defaultConfigurationName = Release;
		};
/* End XCConfigurationList section */

/* Begin XCVersionGroup section */
		61594D1626068105000D01A1 /* HealthApp.xcdatamodeld */ = {
			isa = XCVersionGroup;
			children = (
				61594D1726068105000D01A1 /* HealthApp.xcdatamodel */,
			);
			currentVersion = 61594D1726068105000D01A1 /* HealthApp.xcdatamodel */;
			path = HealthApp.xcdatamodeld;
			sourceTree = "<group>";
			versionGroupType = wrapper.xcdatamodel;
		};
/* End XCVersionGroup section */
	};
	rootObject = 61594CFF26068105000D01A1 /* Project object */;
}
